
Microsoft Visual Studio Solution File, Format Version 12.00
# Visual Studio Version 16
VisualStudioVersion = 16.0.28902.138
MinimumVisualStudioVersion = 10.0.40219.1
Project("{FAE04EC0-301F-11D3-BF4B-00C04F79EFBC}") = "InterleavingBinarySearchInCSharp", "InterleavingBinarySearchInCSharp.csproj", "{7C78E81F-EEA9-4C08-922F-0A739EF89E4D}"
EndProject
Global
	GlobalSection(SolutionConfigurationPlatforms) = preSolution
		Debug|Any CPU = Debug|Any CPU
		Release|Any CPU = Release|Any CPU
	EndGlobalSection
	GlobalSection(ProjectConfigurationPlatforms) = postSolution
		{7C78E81F-EEA9-4C08-922F-0A739EF89E4D}.Debug|Any CPU.ActiveCfg = Debug|Any CPU
		{7C78E81F-EEA9-4C08-922F-0A739EF89E4D}.Debug|Any CPU.Build.0 = Debug|Any CPU
		{7C78E81F-EEA9-4C08-922F-0A739EF89E4D}.Release|Any CPU.ActiveCfg = Release|Any CPU
		{7C78E81F-EEA9-4C08-922F-0A739EF89E4D}.Release|Any CPU.Build.0 = Release|Any CPU
	EndGlobalSection
	GlobalSection(SolutionProperties) = preSolution
		HideSolutionNode = FALSE
	EndGlobalSection
	GlobalSection(ExtensibilityGlobals) = postSolution
		SolutionGuid = {62E5DE12-F56C-45D2-9236-DE71916A6930}
	EndGlobalSection
EndGlobal
